
Microsoft Visual Studio Solution File, Format Version 12.00
# Visual Studio Version 16
VisualStudioVersion = 16.0.30406.217
MinimumVisualStudioVersion = 10.0.40219.1
Project("{FAE04EC0-301F-11D3-BF4B-00C04F79EFBC}") = "Yolo", "Yolo\Yolo.csproj", "{683E1605-105B-4E09-865B-1BBD4DF51C40}"
EndProject
Global
	GlobalSection(SolutionConfigurationPlatforms) = preSolution
		Debug|Any CPU = Debug|Any CPU
		Release|Any CPU = Release|Any CPU
	EndGlobalSection
	GlobalSection(ProjectConfigurationPlatforms) = postSolution
		{683E1605-105B-4E09-865B-1BBD4DF51C40}.Debug|Any CPU.ActiveCfg = Debug|Any CPU
		{683E1605-105B-4E09-865B-1BBD4DF51C40}.Debug|Any CPU.Build.0 = Debug|Any CPU
		{683E1605-105B-4E09-865B-1BBD4DF51C40}.Release|Any CPU.ActiveCfg = Release|Any CPU
		{683E1605-105B-4E09-865B-1BBD4DF51C40}.Release|Any CPU.Build.0 = Release|Any CPU
	EndGlobalSection
	GlobalSection(SolutionProperties) = preSolution
		HideSolutionNode = FALSE
	EndGlobalSection
	GlobalSection(ExtensibilityGlobals) = postSolution
		SolutionGuid = {81DC1485-3C3A-478A-B3C6-34A9B66BB37E}
	EndGlobalSection
EndGlobal
